
Microsoft Visual Studio Solution File, Format Version 12.00
# Visual Studio Version 16
VisualStudioVersion = 16.0.28714.193
MinimumVisualStudioVersion = 10.0.40219.1
Project("{9A19103F-16F7-4668-BE54-9A1E7A4F7556}") = "WebApplication.Blazor.Server", "WebApplication.Blazor.Server\WebApplication.Blazor.Server.csproj", "{7B36C98D-6E12-43CE-89D5-731AAC964AAA}"
EndProject
Project("{9A19103F-16F7-4668-BE54-9A1E7A4F7556}") = "WebApplication.Blazor.Client", "WebApplication.Blazor.Client\WebApplication.Blazor.Client.csproj", "{6B774AF0-84FC-4C5E-943E-D77A0FBCB04D}"
EndProject
Project("{9A19103F-16F7-4668-BE54-9A1E7A4F7556}") = "WebApplication.Blazor.Shared", "WebApplication.Blazor.Shared\WebApplication.Blazor.Shared.csproj", "{60B7DD70-4DBC-47CE-99DB-4B07DA7E229D}"
EndProject
Project("{9A19103F-16F7-4668-BE54-9A1E7A4F7556}") = "WebApplication.RazorPages", "WebApplication.RazorPages\WebApplication.RazorPages.csproj", "{7ABB48EE-0635-4FD2-AB65-0084FD958C74}"
EndProject
Project("{9A19103F-16F7-4668-BE54-9A1E7A4F7556}") = "App.SVG.Test", "App.SVG.Test\App.SVG.Test.csproj", "{F55D3616-4E65-46E5-920E-508E33683C67}"
EndProject
Project("{2150E333-8FDC-42A3-9474-1A3956D46DE8}") = "externals", "externals", "{4EF7A4E6-6100-49E1-9088-72B24C87E1A7}"
EndProject
Project("{2150E333-8FDC-42A3-9474-1A3956D46DE8}") = "source", "source", "{3905BE81-E3BC-4AFA-AB68-6DAB2FE16C0F}"
EndProject
Project("{9A19103F-16F7-4668-BE54-9A1E7A4F7556}") = "HolisticWare.Core.Graphics.SVG", "..\source\HolisticWare.Core.Graphics.SVG\HolisticWare.Core.Graphics.SVG.csproj", "{C8A9E468-887B-4067-AE6C-0734C63D57FC}"
EndProject
Project("{2150E333-8FDC-42A3-9474-1A3956D46DE8}") = "externals", "externals", "{7C7D25F8-D9AA-4F16-962C-AA21BF7E63BC}"
EndProject
Global
	GlobalSection(SolutionConfigurationPlatforms) = preSolution
		Debug|Any CPU = Debug|Any CPU
		Release|Any CPU = Release|Any CPU
	EndGlobalSection
	GlobalSection(ProjectConfigurationPlatforms) = postSolution
		{7B36C98D-6E12-43CE-89D5-731AAC964AAA}.Debug|Any CPU.ActiveCfg = Debug|Any CPU
		{7B36C98D-6E12-43CE-89D5-731AAC964AAA}.Debug|Any CPU.Build.0 = Debug|Any CPU
		{7B36C98D-6E12-43CE-89D5-731AAC964AAA}.Release|Any CPU.ActiveCfg = Release|Any CPU
		{7B36C98D-6E12-43CE-89D5-731AAC964AAA}.Release|Any CPU.Build.0 = Release|Any CPU
		{6B774AF0-84FC-4C5E-943E-D77A0FBCB04D}.Debug|Any CPU.ActiveCfg = Debug|Any CPU
		{6B774AF0-84FC-4C5E-943E-D77A0FBCB04D}.Debug|Any CPU.Build.0 = Debug|Any CPU
		{6B774AF0-84FC-4C5E-943E-D77A0FBCB04D}.Release|Any CPU.ActiveCfg = Release|Any CPU
		{6B774AF0-84FC-4C5E-943E-D77A0FBCB04D}.Release|Any CPU.Build.0 = Release|Any CPU
		{60B7DD70-4DBC-47CE-99DB-4B07DA7E229D}.Debug|Any CPU.ActiveCfg = Debug|Any CPU
		{60B7DD70-4DBC-47CE-99DB-4B07DA7E229D}.Debug|Any CPU.Build.0 = Debug|Any CPU
		{60B7DD70-4DBC-47CE-99DB-4B07DA7E229D}.Release|Any CPU.ActiveCfg = Release|Any CPU
		{60B7DD70-4DBC-47CE-99DB-4B07DA7E229D}.Release|Any CPU.Build.0 = Release|Any CPU
		{7ABB48EE-0635-4FD2-AB65-0084FD958C74}.Debug|Any CPU.ActiveCfg = Debug|Any CPU
		{7ABB48EE-0635-4FD2-AB65-0084FD958C74}.Debug|Any CPU.Build.0 = Debug|Any CPU
		{7ABB48EE-0635-4FD2-AB65-0084FD958C74}.Release|Any CPU.ActiveCfg = Release|Any CPU
		{7ABB48EE-0635-4FD2-AB65-0084FD958C74}.Release|Any CPU.Build.0 = Release|Any CPU
		{F55D3616-4E65-46E5-920E-508E33683C67}.Debug|Any CPU.ActiveCfg = Debug|Any CPU
		{F55D3616-4E65-46E5-920E-508E33683C67}.Debug|Any CPU.Build.0 = Debug|Any CPU
		{F55D3616-4E65-46E5-920E-508E33683C67}.Release|Any CPU.ActiveCfg = Release|Any CPU
		{F55D3616-4E65-46E5-920E-508E33683C67}.Release|Any CPU.Build.0 = Release|Any CPU
		{C8A9E468-887B-4067-AE6C-0734C63D57FC}.Debug|Any CPU.ActiveCfg = Debug|Any CPU
		{C8A9E468-887B-4067-AE6C-0734C63D57FC}.Debug|Any CPU.Build.0 = Debug|Any CPU
		{C8A9E468-887B-4067-AE6C-0734C63D57FC}.Release|Any CPU.ActiveCfg = Release|Any CPU
		{C8A9E468-887B-4067-AE6C-0734C63D57FC}.Release|Any CPU.Build.0 = Release|Any CPU
	EndGlobalSection
	GlobalSection(SolutionProperties) = preSolution
		HideSolutionNode = FALSE
	EndGlobalSection
	GlobalSection(NestedProjects) = preSolution
		{C8A9E468-887B-4067-AE6C-0734C63D57FC} = {3905BE81-E3BC-4AFA-AB68-6DAB2FE16C0F}
		{7C7D25F8-D9AA-4F16-962C-AA21BF7E63BC} = {3905BE81-E3BC-4AFA-AB68-6DAB2FE16C0F}
	EndGlobalSection
	GlobalSection(ExtensibilityGlobals) = postSolution
		SolutionGuid = {2367D9B9-43C9-460C-9E08-06B9990D6771}
	EndGlobalSection
EndGlobal
